<Solution>
  <Folder Name="/src/">
    <Project Path="src/SympNet.API/SympNet.API.csproj" />
    <Project Path="src/SympNet.Application/SympNet.Application.csproj" />
    <Project Path="src/SympNet.Domain/SympNet.Domain.csproj" />
    <Project Path="src/SympNet.Infrastructure/SympNet.Infrastructure.csproj" />
  </Folder>
</Solution>
